
Microsoft Visual Studio Solution File, Format Version 12.00
# Visual Studio Version 16
VisualStudioVersion = 16.0.31410.357
MinimumVisualStudioVersion = 10.0.40219.1
Project("{FAE04EC0-301F-11D3-BF4B-00C04F79EFBC}") = "Vectors", "Vectors\Vectors.csproj", "{46BB3F96-7FD9-4B7A-9668-19544FE50FED}"
EndProject
Global
	GlobalSection(SolutionConfigurationPlatforms) = preSolution
		Debug|Any CPU = Debug|Any CPU
		Release|Any CPU = Release|Any CPU
	EndGlobalSection
	GlobalSection(ProjectConfigurationPlatforms) = postSolution
		{46BB3F96-7FD9-4B7A-9668-19544FE50FED}.Debug|Any CPU.ActiveCfg = Debug|Any CPU
		{46BB3F96-7FD9-4B7A-9668-19544FE50FED}.Debug|Any CPU.Build.0 = Debug|Any CPU
		{46BB3F96-7FD9-4B7A-9668-19544FE50FED}.Release|Any CPU.ActiveCfg = Release|Any CPU
		{46BB3F96-7FD9-4B7A-9668-19544FE50FED}.Release|Any CPU.Build.0 = Release|Any CPU
	EndGlobalSection
	GlobalSection(SolutionProperties) = preSolution
		HideSolutionNode = FALSE
	EndGlobalSection
	GlobalSection(ExtensibilityGlobals) = postSolution
		SolutionGuid = {6B991139-8F83-49B8-84D8-E9AA48F480D9}
	EndGlobalSection
EndGlobal
